
Microsoft Visual Studio Solution File, Format Version 12.00
# Visual Studio Version 17
VisualStudioVersion = 17.0.32112.339
MinimumVisualStudioVersion = 10.0.40219.1
Project("{FAE04EC0-301F-11D3-BF4B-00C04F79EFBC}") = "FlappyBird", "FlappyBird\FlappyBird.csproj", "{EA15EB7F-C7C8-470B-9790-EC2EA4542379}"
EndProject
Global
	GlobalSection(SolutionConfigurationPlatforms) = preSolution
		Debug|Any CPU = Debug|Any CPU
		Release|Any CPU = Release|Any CPU
	EndGlobalSection
	GlobalSection(ProjectConfigurationPlatforms) = postSolution
		{EA15EB7F-C7C8-470B-9790-EC2EA4542379}.Debug|Any CPU.ActiveCfg = Debug|Any CPU
		{EA15EB7F-C7C8-470B-9790-EC2EA4542379}.Debug|Any CPU.Build.0 = Debug|Any CPU
		{EA15EB7F-C7C8-470B-9790-EC2EA4542379}.Release|Any CPU.ActiveCfg = Release|Any CPU
		{EA15EB7F-C7C8-470B-9790-EC2EA4542379}.Release|Any CPU.Build.0 = Release|Any CPU
	EndGlobalSection
	GlobalSection(SolutionProperties) = preSolution
		HideSolutionNode = FALSE
	EndGlobalSection
	GlobalSection(ExtensibilityGlobals) = postSolution
		SolutionGuid = {43A07C6E-23CA-4257-93F0-D963283EF991}
	EndGlobalSection
EndGlobal
